{
    "name": "@the-standard/standard-libraries",
    "version": "1.0.0",
    "lockfileVersion": 2,
    "requires": true,
    "packages": {
        "": {
            "name": "@the-standard/standard-libraries",
            "version": "1.0.0",
            "license": "MIT",
            "dependencies": {
                "@the-standard/conditions": "^1.0.4",
                "@the-standard/exception-handlers": "^1.0.5",
                "@the-standard/exceptions": "^1.0.6",
                "@the-standard/partials": "^1.0.4",
                "@the-standard/runtimes": "^1.0.4",
                "@the-standard/types": "^1.0.1",
                "@the-standard/validations": "^1.0.6"
            }
        },
        "node_modules/@the-standard/conditions": {
            "version": "1.0.4",
            "resolved": "https://registry.npmjs.org/@the-standard/conditions/-/conditions-1.0.4.tgz",
            "integrity": "sha512-7iTYNf5B+osP5t8E7k7yYu8FBUmXPA468V6wY9VmuInnN2gaTUKisjqT+0VLO9VaErYZtC9EbSCKIsuKGjLiEQ=="
        },
        "node_modules/@the-standard/exception-handlers": {
            "version": "1.0.5",
            "resolved": "https://registry.npmjs.org/@the-standard/exception-handlers/-/exception-handlers-1.0.5.tgz",
            "integrity": "sha512-VlmisWywG+W5qLmrxvCHwePWrLxBZy9kRdaJbroSCaQ0ooz+zoa+7pglaseXrJqQq/j8703WPU/b68tPJhK6JQ==",
            "dependencies": {
                "@the-standard/exceptions": "^1.0.6",
                "@the-standard/partials": "^1.0.4",
                "@the-standard/types": "^1.0.1"
            }
        },
        "node_modules/@the-standard/exceptions": {
            "version": "1.0.6",
            "resolved": "https://registry.npmjs.org/@the-standard/exceptions/-/exceptions-1.0.6.tgz",
            "integrity": "sha512-9PWeOKd6RJGk2Op0+sbd4bnYNpOADzQEF9nzJ7jOe+rx3MnFm2PY5hInWq1AANqEVWYWrijirdrsuRCg96QQTg==",
            "dependencies": {
                "@the-standard/conditions": "^1.0.3",
                "@the-standard/types": "^1.0.0"
            }
        },
        "node_modules/@the-standard/partials": {
            "version": "1.0.4",
            "resolved": "https://registry.npmjs.org/@the-standard/partials/-/partials-1.0.4.tgz",
            "integrity": "sha512-GP9tFEoeJCkP+OQ9keuAft++xh+EJY1UERCUQ/9CU4NpT3Bg9RW2s+umxT17au4u3pn/5V9u0e1gTFzL+XM/rQ==",
            "dependencies": {
                "@the-standard/types": "^1.0.1"
            }
        },
        "node_modules/@the-standard/runtimes": {
            "version": "1.0.4",
            "resolved": "https://registry.npmjs.org/@the-standard/runtimes/-/runtimes-1.0.4.tgz",
            "integrity": "sha512-QjxLcTG5AG3JF1qesan3i96YDFOqa2MMgUkd1VxAP84okCjqM6csTrq86B4Tr70KQjG3a/ceQR9XwcqRH7VvRg==",
            "dependencies": {
                "@the-standard/conditions": "^1.0.4",
                "@the-standard/exception-handlers": "^1.0.5",
                "@the-standard/exceptions": "^1.0.6",
                "@the-standard/partials": "^1.0.4",
                "@the-standard/types": "^1.0.1",
                "@the-standard/validations": "^1.0.6",
                "uuid": "^9.0.0"
            }
        },
        "node_modules/@the-standard/types": {
            "version": "1.0.1",
            "resolved": "https://registry.npmjs.org/@the-standard/types/-/types-1.0.1.tgz",
            "integrity": "sha512-+nlp+ff929F7gxDMZ02Hj/NncG179060En1+wiEDTZ3Q57tE2EQ6l2gr8au/xtChhUHiiMjcRau1NdjiwgBlSQ=="
        },
        "node_modules/@the-standard/validations": {
            "version": "1.0.6",
            "resolved": "https://registry.npmjs.org/@the-standard/validations/-/validations-1.0.6.tgz",
            "integrity": "sha512-ZImdYMLOvYEr4iQ2rlus1h/fZJvtaZgtiDtgjQOTRhpGvN6iPCssvhmRFYp7mou/vzDW8sY3l9/s99vtBbGLsQ==",
            "dependencies": {
                "@the-standard/conditions": "^1.0.4",
                "@the-standard/exception-handlers": "^1.0.5",
                "@the-standard/exceptions": "^1.0.6",
                "@the-standard/partials": "^1.0.4",
                "@the-standard/types": "^1.0.1"
            }
        },
        "node_modules/uuid": {
            "version": "9.0.0",
            "resolved": "https://registry.npmjs.org/uuid/-/uuid-9.0.0.tgz",
            "integrity": "sha512-MXcSTerfPa4uqyzStbRoTgt5XIe3x5+42+q1sDuy3R5MDk66URdLMOZe5aPX/SQd+kuYAh0FdP/pO28IkQyTeg==",
            "bin": {
                "uuid": "dist/bin/uuid"
            }
        }
    },
    "dependencies": {
        "@the-standard/conditions": {
            "version": "1.0.4",
            "resolved": "https://registry.npmjs.org/@the-standard/conditions/-/conditions-1.0.4.tgz",
            "integrity": "sha512-7iTYNf5B+osP5t8E7k7yYu8FBUmXPA468V6wY9VmuInnN2gaTUKisjqT+0VLO9VaErYZtC9EbSCKIsuKGjLiEQ=="
        },
        "@the-standard/exception-handlers": {
            "version": "1.0.5",
            "resolved": "https://registry.npmjs.org/@the-standard/exception-handlers/-/exception-handlers-1.0.5.tgz",
            "integrity": "sha512-VlmisWywG+W5qLmrxvCHwePWrLxBZy9kRdaJbroSCaQ0ooz+zoa+7pglaseXrJqQq/j8703WPU/b68tPJhK6JQ==",
            "requires": {
                "@the-standard/exceptions": "^1.0.6",
                "@the-standard/partials": "^1.0.4",
                "@the-standard/types": "^1.0.1"
            }
        },
        "@the-standard/exceptions": {
            "version": "1.0.6",
            "resolved": "https://registry.npmjs.org/@the-standard/exceptions/-/exceptions-1.0.6.tgz",
            "integrity": "sha512-9PWeOKd6RJGk2Op0+sbd4bnYNpOADzQEF9nzJ7jOe+rx3MnFm2PY5hInWq1AANqEVWYWrijirdrsuRCg96QQTg==",
            "requires": {
                "@the-standard/conditions": "^1.0.3",
                "@the-standard/types": "^1.0.0"
            }
        },
        "@the-standard/partials": {
            "version": "1.0.4",
            "resolved": "https://registry.npmjs.org/@the-standard/partials/-/partials-1.0.4.tgz",
            "integrity": "sha512-GP9tFEoeJCkP+OQ9keuAft++xh+EJY1UERCUQ/9CU4NpT3Bg9RW2s+umxT17au4u3pn/5V9u0e1gTFzL+XM/rQ==",
            "requires": {
                "@the-standard/types": "^1.0.1"
            }
        },
        "@the-standard/runtimes": {
            "version": "1.0.4",
            "resolved": "https://registry.npmjs.org/@the-standard/runtimes/-/runtimes-1.0.4.tgz",
            "integrity": "sha512-QjxLcTG5AG3JF1qesan3i96YDFOqa2MMgUkd1VxAP84okCjqM6csTrq86B4Tr70KQjG3a/ceQR9XwcqRH7VvRg==",
            "requires": {
                "@the-standard/conditions": "^1.0.4",
                "@the-standard/exception-handlers": "^1.0.5",
                "@the-standard/exceptions": "^1.0.6",
                "@the-standard/partials": "^1.0.4",
                "@the-standard/types": "^1.0.1",
                "@the-standard/validations": "^1.0.6",
                "uuid": "^9.0.0"
            }
        },
        "@the-standard/types": {
            "version": "1.0.1",
            "resolved": "https://registry.npmjs.org/@the-standard/types/-/types-1.0.1.tgz",
            "integrity": "sha512-+nlp+ff929F7gxDMZ02Hj/NncG179060En1+wiEDTZ3Q57tE2EQ6l2gr8au/xtChhUHiiMjcRau1NdjiwgBlSQ=="
        },
        "@the-standard/validations": {
            "version": "1.0.6",
            "resolved": "https://registry.npmjs.org/@the-standard/validations/-/validations-1.0.6.tgz",
            "integrity": "sha512-ZImdYMLOvYEr4iQ2rlus1h/fZJvtaZgtiDtgjQOTRhpGvN6iPCssvhmRFYp7mou/vzDW8sY3l9/s99vtBbGLsQ==",
            "requires": {
                "@the-standard/conditions": "^1.0.4",
                "@the-standard/exception-handlers": "^1.0.5",
                "@the-standard/exceptions": "^1.0.6",
                "@the-standard/partials": "^1.0.4",
                "@the-standard/types": "^1.0.1"
            }
        },
        "uuid": {
            "version": "9.0.0",
            "resolved": "https://registry.npmjs.org/uuid/-/uuid-9.0.0.tgz",
            "integrity": "sha512-MXcSTerfPa4uqyzStbRoTgt5XIe3x5+42+q1sDuy3R5MDk66URdLMOZe5aPX/SQd+kuYAh0FdP/pO28IkQyTeg=="
        }
    }
}
